// !$*UTF8*$!
{
	archiveVersion = 1;
	classes = {
	};
	objectVersion = 56;
	objects = {

/* Begin PBXBuildFile section */
		129FB9142A8218F200C3E053 /* checkerApp.swift in Sources */ = {isa = PBXBuildFile; fileRef = 129FB9132A8218F200C3E053 /* checkerApp.swift */; };
		129FB9162A8218F200C3E053 /* Persistence.swift in Sources */ = {isa = PBXBuildFile; fileRef = 129FB9152A8218F200C3E053 /* Persistence.swift */; };
		129FB9192A8218F200C3E053 /* checker.xcdatamodeld in Sources */ = {isa = PBXBuildFile; fileRef = 129FB9172A8218F200C3E053 /* checker.xcdatamodeld */; };
		129FB91B2A8218F200C3E053 /* ContentView.swift in Sources */ = {isa = PBXBuildFile; fileRef = 129FB91A2A8218F200C3E053 /* ContentView.swift */; };
		129FB91D2A8218F300C3E053 /* Assets.xcassets in Resources */ = {isa = PBXBuildFile; fileRef = 129FB91C2A8218F300C3E053 /* Assets.xcassets */; };
		129FB9212A8218F300C3E053 /* Preview Assets.xcassets in Resources */ = {isa = PBXBuildFile; fileRef = 129FB9202A8218F300C3E053 /* Preview Assets.xcassets */; };
		129FB92B2A8218F300C3E053 /* checkerTests.swift in Sources */ = {isa = PBXBuildFile; fileRef = 129FB92A2A8218F300C3E053 /* checkerTests.swift */; };
		129FB9352A8218F300C3E053 /* checkerUITests.swift in Sources */ = {isa = PBXBuildFile; fileRef = 129FB9342A8218F300C3E053 /* checkerUITests.swift */; };
		129FB9372A8218F300C3E053 /* checkerUITestsLaunchTests.swift in Sources */ = {isa = PBXBuildFile; fileRef = 129FB9362A8218F300C3E053 /* checkerUITestsLaunchTests.swift */; };
/* End PBXBuildFile section */

/* Begin PBXContainerItemProxy section */
		129FB9272A8218F300C3E053 /* PBXContainerItemProxy */ = {
			isa = PBXContainerItemProxy;
			containerPortal = 129FB9082A8218F200C3E053 /* Project object */;
			proxyType = 1;
			remoteGlobalIDString = 129FB90F2A8218F200C3E053;
			remoteInfo = checker;
		};
		129FB9312A8218F300C3E053 /* PBXContainerItemProxy */ = {
			isa = PBXContainerItemProxy;
			containerPortal = 129FB9082A8218F200C3E053 /* Project object */;
			proxyType = 1;
			remoteGlobalIDString = 129FB90F2A8218F200C3E053;
			remoteInfo = checker;
		};
/* End PBXContainerItemProxy section */

/* Begin PBXFileReference section */
		129FB9102A8218F200C3E053 /* checker.app */ = {isa = PBXFileReference; explicitFileType = wrapper.application; includeInIndex = 0; path = checker.app; sourceTree = BUILT_PRODUCTS_DIR; };
		129FB9132A8218F200C3E053 /* checkerApp.swift */ = {isa = PBXFileReference; lastKnownFileType = sourcecode.swift; path = checkerApp.swift; sourceTree = "<group>"; };
		129FB9152A8218F200C3E053 /* Persistence.swift */ = {isa = PBXFileReference; lastKnownFileType = sourcecode.swift; path = Persistence.swift; sourceTree = "<group>"; };
		129FB9182A8218F200C3E053 /* checker.xcdatamodel */ = {isa = PBXFileReference; lastKnownFileType = wrapper.xcdatamodel; path = checker.xcdatamodel; sourceTree = "<group>"; };
		129FB91A2A8218F200C3E053 /* ContentView.swift */ = {isa = PBXFileReference; lastKnownFileType = sourcecode.swift; path = ContentView.swift; sourceTree = "<group>"; };
		129FB91C2A8218F300C3E053 /* Assets.xcassets */ = {isa = PBXFileReference; lastKnownFileType = folder.assetcatalog; path = Assets.xcassets; sourceTree = "<group>"; };
		129FB91E2A8218F300C3E053 /* checker.entitlements */ = {isa = PBXFileReference; lastKnownFileType = text.plist.entitlements; path = checker.entitlements; sourceTree = "<group>"; };
		129FB9202A8218F300C3E053 /* Preview Assets.xcassets */ = {isa = PBXFileReference; lastKnownFileType = folder.assetcatalog; path = "Preview Assets.xcassets"; sourceTree = "<group>"; };
		129FB9262A8218F300C3E053 /* checkerTests.xctest */ = {isa = PBXFileReference; explicitFileType = wrapper.cfbundle; includeInIndex = 0; path = checkerTests.xctest; sourceTree = BUILT_PRODUCTS_DIR; };
		129FB92A2A8218F300C3E053 /* checkerTests.swift */ = {isa = PBXFileReference; lastKnownFileType = sourcecode.swift; path = checkerTests.swift; sourceTree = "<group>"; };
		129FB9302A8218F300C3E053 /* checkerUITests.xctest */ = {isa = PBXFileReference; explicitFileType = wrapper.cfbundle; includeInIndex = 0; path = checkerUITests.xctest; sourceTree = BUILT_PRODUCTS_DIR; };
		129FB9342A8218F300C3E053 /* checkerUITests.swift */ = {isa = PBXFileReference; lastKnownFileType = sourcecode.swift; path = checkerUITests.swift; sourceTree = "<group>"; };
		129FB9362A8218F300C3E053 /* checkerUITestsLaunchTests.swift */ = {isa = PBXFileReference; lastKnownFileType = sourcecode.swift; path = checkerUITestsLaunchTests.swift; sourceTree = "<group>"; };
/* End PBXFileReference section */

/* Begin PBXFrameworksBuildPhase section */
		129FB90D2A8218F200C3E053 /* Frameworks */ = {
			isa = PBXFrameworksBuildPhase;
			buildActionMask = 2147483647;
			files = (
			);
			runOnlyForDeploymentPostprocessing = 0;
		};
		129FB9232A8218F300C3E053 /* Frameworks */ = {
			isa = PBXFrameworksBuildPhase;
			buildActionMask = 2147483647;
			files = (
			);
			runOnlyForDeploymentPostprocessing = 0;
		};
		129FB92D2A8218F300C3E053 /* Frameworks */ = {
			isa = PBXFrameworksBuildPhase;
			buildActionMask = 2147483647;
			files = (
			);
			runOnlyForDeploymentPostprocessing = 0;
		};
/* End PBXFrameworksBuildPhase section */

/* Begin PBXGroup section */
		129FB9072A8218F200C3E053 = {
			isa = PBXGroup;
			children = (
				129FB9122A8218F200C3E053 /* checker */,
				129FB9292A8218F300C3E053 /* checkerTests */,
				129FB9332A8218F300C3E053 /* checkerUITests */,
				129FB9112A8218F200C3E053 /* Products */,
			);
			sourceTree = "<group>";
		};
		129FB9112A8218F200C3E053 /* Products */ = {
			isa = PBXGroup;
			children = (
				129FB9102A8218F200C3E053 /* checker.app */,
				129FB9262A8218F300C3E053 /* checkerTests.xctest */,
				129FB9302A8218F300C3E053 /* checkerUITests.xctest */,
			);
			name = Products;
			sourceTree = "<group>";
		};
		129FB9122A8218F200C3E053 /* checker */ = {
			isa = PBXGroup;
			children = (
				129FB9132A8218F200C3E053 /* checkerApp.swift */,
				129FB9152A8218F200C3E053 /* Persistence.swift */,
				129FB91A2A8218F200C3E053 /* ContentView.swift */,
				129FB91C2A8218F300C3E053 /* Assets.xcassets */,
				129FB91E2A8218F300C3E053 /* checker.entitlements */,
				129FB9172A8218F200C3E053 /* checker.xcdatamodeld */,
				129FB91F2A8218F300C3E053 /* Preview Content */,
			);
			path = checker;
			sourceTree = "<group>";
		};
		129FB91F2A8218F300C3E053 /* Preview Content */ = {
			isa = PBXGroup;
			children = (
				129FB9202A8218F300C3E053 /* Preview Assets.xcassets */,
			);
			path = "Preview Content";
			sourceTree = "<group>";
		};
		129FB9292A8218F300C3E053 /* checkerTests */ = {
			isa = PBXGroup;
			children = (
				129FB92A2A8218F300C3E053 /* checkerTests.swift */,
			);
			path = checkerTests;
			sourceTree = "<group>";
		};
		129FB9332A8218F300C3E053 /* checkerUITests */ = {
			isa = PBXGroup;
			children = (
				129FB9342A8218F300C3E053 /* checkerUITests.swift */,
				129FB9362A8218F300C3E053 /* checkerUITestsLaunchTests.swift */,
			);
			path = checkerUITests;
			sourceTree = "<group>";
		};
/* End PBXGroup section */

/* Begin PBXNativeTarget section */
		129FB90F2A8218F200C3E053 /* checker */ = {
			isa = PBXNativeTarget;
			buildConfigurationList = 129FB93A2A8218F300C3E053 /* Build configuration list for PBXNativeTarget "checker" */;
			buildPhases = (
				129FB90C2A8218F200C3E053 /* Sources */,
				129FB90D2A8218F200C3E053 /* Frameworks */,
				129FB90E2A8218F200C3E053 /* Resources */,
			);
			buildRules = (
			);
			dependencies = (
			);
			name = checker;
			productName = checker;
			productReference = 129FB9102A8218F200C3E053 /* checker.app */;
			productType = "com.apple.product-type.application";
		};
		129FB9252A8218F300C3E053 /* checkerTests */ = {
			isa = PBXNativeTarget;
			buildConfigurationList = 129FB93D2A8218F300C3E053 /* Build configuration list for PBXNativeTarget "checkerTests" */;
			buildPhases = (
				129FB9222A8218F300C3E053 /* Sources */,
				129FB9232A8218F300C3E053 /* Frameworks */,
				129FB9242A8218F300C3E053 /* Resources */,
			);
			buildRules = (
			);
			dependencies = (
				129FB9282A8218F300C3E053 /* PBXTargetDependency */,
			);
			name = checkerTests;
			productName = checkerTests;
			productReference = 129FB9262A8218F300C3E053 /* checkerTests.xctest */;
			productType = "com.apple.product-type.bundle.unit-test";
		};
		129FB92F2A8218F300C3E053 /* checkerUITests */ = {
			isa = PBXNativeTarget;
			buildConfigurationList = 129FB9402A8218F300C3E053 /* Build configuration list for PBXNativeTarget "checkerUITests" */;
			buildPhases = (
				129FB92C2A8218F300C3E053 /* Sources */,
				129FB92D2A8218F300C3E053 /* Frameworks */,
				129FB92E2A8218F300C3E053 /* Resources */,
			);
			buildRules = (
			);
			dependencies = (
				129FB9322A8218F300C3E053 /* PBXTargetDependency */,
			);
			name = checkerUITests;
			productName = checkerUITests;
			productReference = 129FB9302A8218F300C3E053 /* checkerUITests.xctest */;
			productType = "com.apple.product-type.bundle.ui-testing";
		};
/* End PBXNativeTarget section */

/* Begin PBXProject section */
		129FB9082A8218F200C3E053 /* Project object */ = {
			isa = PBXProject;
			attributes = {
				BuildIndependentTargetsInParallel = 1;
				LastSwiftUpdateCheck = 1430;
				LastUpgradeCheck = 1430;
				TargetAttributes = {
					129FB90F2A8218F200C3E053 = {
						CreatedOnToolsVersion = 14.3.1;
					};
					129FB9252A8218F300C3E053 = {
						CreatedOnToolsVersion = 14.3.1;
						TestTargetID = 129FB90F2A8218F200C3E053;
					};
					129FB92F2A8218F300C3E053 = {
						CreatedOnToolsVersion = 14.3.1;
						TestTargetID = 129FB90F2A8218F200C3E053;
					};
				};
			};
			buildConfigurationList = 129FB90B2A8218F200C3E053 /* Build configuration list for PBXProject "checker" */;
			compatibilityVersion = "Xcode 14.0";
			developmentRegion = en;
			hasScannedForEncodings = 0;
			knownRegions = (
				en,
				Base,
			);
			mainGroup = 129FB9072A8218F200C3E053;
			productRefGroup = 129FB9112A8218F200C3E053 /* Products */;
			projectDirPath = "";
			projectRoot = "";
			targets = (
				129FB90F2A8218F200C3E053 /* checker */,
				129FB9252A8218F300C3E053 /* checkerTests */,
				129FB92F2A8218F300C3E053 /* checkerUITests */,
			);
		};
/* End PBXProject section */

/* Begin PBXResourcesBuildPhase section */
		129FB90E2A8218F200C3E053 /* Resources */ = {
			isa = PBXResourcesBuildPhase;
			buildActionMask = 2147483647;
			files = (
				129FB9212A8218F300C3E053 /* Preview Assets.xcassets in Resources */,
				129FB91D2A8218F300C3E053 /* Assets.xcassets in Resources */,
			);
			runOnlyForDeploymentPostprocessing = 0;
		};
		129FB9242A8218F300C3E053 /* Resources */ = {
			isa = PBXResourcesBuildPhase;
			buildActionMask = 2147483647;
			files = (
			);
			runOnlyForDeploymentPostprocessing = 0;
		};
		129FB92E2A8218F300C3E053 /* Resources */ = {
			isa = PBXResourcesBuildPhase;
			buildActionMask = 2147483647;
			files = (
			);
			runOnlyForDeploymentPostprocessing = 0;
		};
/* End PBXResourcesBuildPhase section */

/* Begin PBXSourcesBuildPhase section */
		129FB90C2A8218F200C3E053 /* Sources */ = {
			isa = PBXSourcesBuildPhase;
			buildActionMask = 2147483647;
			files = (
				129FB9142A8218F200C3E053 /* checkerApp.swift in Sources */,
				129FB9192A8218F200C3E053 /* checker.xcdatamodeld in Sources */,
				129FB91B2A8218F200C3E053 /* ContentView.swift in Sources */,
				129FB9162A8218F200C3E053 /* Persistence.swift in Sources */,
			);
			runOnlyForDeploymentPostprocessing = 0;
		};
		129FB9222A8218F300C3E053 /* Sources */ = {
			isa = PBXSourcesBuildPhase;
			buildActionMask = 2147483647;
			files = (
				129FB92B2A8218F300C3E053 /* checkerTests.swift in Sources */,
			);
			runOnlyForDeploymentPostprocessing = 0;
		};
		129FB92C2A8218F300C3E053 /* Sources */ = {
			isa = PBXSourcesBuildPhase;
			buildActionMask = 2147483647;
			files = (
				129FB9372A8218F300C3E053 /* checkerUITestsLaunchTests.swift in Sources */,
				129FB9352A8218F300C3E053 /* checkerUITests.swift in Sources */,
			);
			runOnlyForDeploymentPostprocessing = 0;
		};
/* End PBXSourcesBuildPhase section */

/* Begin PBXTargetDependency section */
		129FB9282A8218F300C3E053 /* PBXTargetDependency */ = {
			isa = PBXTargetDependency;
			target = 129FB90F2A8218F200C3E053 /* checker */;
			targetProxy = 129FB9272A8218F300C3E053 /* PBXContainerItemProxy */;
		};
		129FB9322A8218F300C3E053 /* PBXTargetDependency */ = {
			isa = PBXTargetDependency;
			target = 129FB90F2A8218F200C3E053 /* checker */;
			targetProxy = 129FB9312A8218F300C3E053 /* PBXContainerItemProxy */;
		};
/* End PBXTargetDependency section */

/* Begin XCBuildConfiguration section */
		129FB9382A8218F300C3E053 /* Debug */ = {
			isa = XCBuildConfiguration;
			buildSettings = {
				ALWAYS_SEARCH_USER_PATHS = NO;
				CLANG_ANALYZER_NONNULL = YES;
				CLANG_ANALYZER_NUMBER_OBJECT_CONVERSION = YES_AGGRESSIVE;
				CLANG_CXX_LANGUAGE_STANDARD = "gnu++20";
				CLANG_ENABLE_MODULES = YES;
				CLANG_ENABLE_OBJC_ARC = YES;
				CLANG_ENABLE_OBJC_WEAK = YES;
				CLANG_WARN_BLOCK_CAPTURE_AUTORELEASING = YES;
				CLANG_WARN_BOOL_CONVERSION = YES;
				CLANG_WARN_COMMA = YES;
				CLANG_WARN_CONSTANT_CONVERSION = YES;
				CLANG_WARN_DEPRECATED_OBJC_IMPLEMENTATIONS = YES;
				CLANG_WARN_DIRECT_OBJC_ISA_USAGE = YES_ERROR;
				CLANG_WARN_DOCUMENTATION_COMMENTS = YES;
				CLANG_WARN_EMPTY_BODY = YES;
				CLANG_WARN_ENUM_CONVERSION = YES;
				CLANG_WARN_INFINITE_RECURSION = YES;
				CLANG_WARN_INT_CONVERSION = YES;
				CLANG_WARN_NON_LITERAL_NULL_CONVERSION = YES;
				CLANG_WARN_OBJC_IMPLICIT_RETAIN_SELF = YES;
				CLANG_WARN_OBJC_LITERAL_CONVERSION = YES;
				CLANG_WARN_OBJC_ROOT_CLASS = YES_ERROR;
				CLANG_WARN_QUOTED_INCLUDE_IN_FRAMEWORK_HEADER = YES;
				CLANG_WARN_RANGE_LOOP_ANALYSIS = YES;
				CLANG_WARN_STRICT_PROTOTYPES = YES;
				CLANG_WARN_SUSPICIOUS_MOVE = YES;
				CLANG_WARN_UNGUARDED_AVAILABILITY = YES_AGGRESSIVE;
				CLANG_WARN_UNREACHABLE_CODE = YES;
				CLANG_WARN__DUPLICATE_METHOD_MATCH = YES;
				COPY_PHASE_STRIP = NO;
				DEBUG_INFORMATION_FORMAT = dwarf;
				ENABLE_STRICT_OBJC_MSGSEND = YES;
				ENABLE_TESTABILITY = YES;
				GCC_C_LANGUAGE_STANDARD = gnu11;
				GCC_DYNAMIC_NO_PIC = NO;
				GCC_NO_COMMON_BLOCKS = YES;
				GCC_OPTIMIZATION_LEVEL = 0;
				GCC_PREPROCESSOR_DEFINITIONS = (
					"DEBUG=1",
					"$(inherited)",
				);
				GCC_WARN_64_TO_32_BIT_CONVERSION = YES;
				GCC_WARN_ABOUT_RETURN_TYPE = YES_ERROR;
				GCC_WARN_UNDECLARED_SELECTOR = YES;
				GCC_WARN_UNINITIALIZED_AUTOS = YES_AGGRESSIVE;
				GCC_WARN_UNUSED_FUNCTION = YES;
				GCC_WARN_UNUSED_VARIABLE = YES;
				MTL_ENABLE_DEBUG_INFO = INCLUDE_SOURCE;
				MTL_FAST_MATH = YES;
				ONLY_ACTIVE_ARCH = YES;
				SWIFT_ACTIVE_COMPILATION_CONDITIONS = DEBUG;
				SWIFT_OPTIMIZATION_LEVEL = "-Onone";
			};
			name = Debug;
		};
		129FB9392A8218F300C3E053 /* Release */ = {
			isa = XCBuildConfiguration;
			buildSettings = {
				ALWAYS_SEARCH_USER_PATHS = NO;
				CLANG_ANALYZER_NONNULL = YES;
				CLANG_ANALYZER_NUMBER_OBJECT_CONVERSION = YES_AGGRESSIVE;
				CLANG_CXX_LANGUAGE_STANDARD = "gnu++20";
				CLANG_ENABLE_MODULES = YES;
				CLANG_ENABLE_OBJC_ARC = YES;
				CLANG_ENABLE_OBJC_WEAK = YES;
				CLANG_WARN_BLOCK_CAPTURE_AUTORELEASING = YES;
				CLANG_WARN_BOOL_CONVERSION = YES;
				CLANG_WARN_COMMA = YES;
				CLANG_WARN_CONSTANT_CONVERSION = YES;
				CLANG_WARN_DEPRECATED_OBJC_IMPLEMENTATIONS = YES;
				CLANG_WARN_DIRECT_OBJC_ISA_USAGE = YES_ERROR;
				CLANG_WARN_DOCUMENTATION_COMMENTS = YES;
				CLANG_WARN_EMPTY_BODY = YES;
				CLANG_WARN_ENUM_CONVERSION = YES;
				CLANG_WARN_INFINITE_RECURSION = YES;
				CLANG_WARN_INT_CONVERSION = YES;
				CLANG_WARN_NON_LITERAL_NULL_CONVERSION = YES;
				CLANG_WARN_OBJC_IMPLICIT_RETAIN_SELF = YES;
				CLANG_WARN_OBJC_LITERAL_CONVERSION = YES;
				CLANG_WARN_OBJC_ROOT_CLASS = YES_ERROR;
				CLANG_WARN_QUOTED_INCLUDE_IN_FRAMEWORK_HEADER = YES;
				CLANG_WARN_RANGE_LOOP_ANALYSIS = YES;
				CLANG_WARN_STRICT_PROTOTYPES = YES;
				CLANG_WARN_SUSPICIOUS_MOVE = YES;
				CLANG_WARN_UNGUARDED_AVAILABILITY = YES_AGGRESSIVE;
				CLANG_WARN_UNREACHABLE_CODE = YES;
				CLANG_WARN__DUPLICATE_METHOD_MATCH = YES;
				COPY_PHASE_STRIP = NO;
				DEBUG_INFORMATION_FORMAT = "dwarf-with-dsym";
				ENABLE_NS_ASSERTIONS = NO;
				ENABLE_STRICT_OBJC_MSGSEND = YES;
				GCC_C_LANGUAGE_STANDARD = gnu11;
				GCC_NO_COMMON_BLOCKS = YES;
				GCC_WARN_64_TO_32_BIT_CONVERSION = YES;
				GCC_WARN_ABOUT_RETURN_TYPE = YES_ERROR;
				GCC_WARN_UNDECLARED_SELECTOR = YES;
				GCC_WARN_UNINITIALIZED_AUTOS = YES_AGGRESSIVE;
				GCC_WARN_UNUSED_FUNCTION = YES;
				GCC_WARN_UNUSED_VARIABLE = YES;
				MTL_ENABLE_DEBUG_INFO = NO;
				MTL_FAST_MATH = YES;
				SWIFT_COMPILATION_MODE = wholemodule;
				SWIFT_OPTIMIZATION_LEVEL = "-O";
			};
			name = Release;
		};
		129FB93B2A8218F300C3E053 /* Debug */ = {
			isa = XCBuildConfiguration;
			buildSettings = {
				ASSETCATALOG_COMPILER_APPICON_NAME = AppIcon;
				ASSETCATALOG_COMPILER_GLOBAL_ACCENT_COLOR_NAME = AccentColor;
				CODE_SIGN_ENTITLEMENTS = checker/checker.entitlements;
				CODE_SIGN_STYLE = Automatic;
				CURRENT_PROJECT_VERSION = 1;
				DEVELOPMENT_ASSET_PATHS = "\"checker/Preview Content\"";
				DEVELOPMENT_TEAM = 3U5876YZ4F;
				ENABLE_HARDENED_RUNTIME = YES;
				ENABLE_PREVIEWS = YES;
				GENERATE_INFOPLIST_FILE = YES;
				"INFOPLIST_KEY_UIApplicationSceneManifest_Generation[sdk=iphoneos*]" = YES;
				"INFOPLIST_KEY_UIApplicationSceneManifest_Generation[sdk=iphonesimulator*]" = YES;
				"INFOPLIST_KEY_UIApplicationSupportsIndirectInputEvents[sdk=iphoneos*]" = YES;
				"INFOPLIST_KEY_UIApplicationSupportsIndirectInputEvents[sdk=iphonesimulator*]" = YES;
				"INFOPLIST_KEY_UILaunchScreen_Generation[sdk=iphoneos*]" = YES;
				"INFOPLIST_KEY_UILaunchScreen_Generation[sdk=iphonesimulator*]" = YES;
				"INFOPLIST_KEY_UIStatusBarStyle[sdk=iphoneos*]" = UIStatusBarStyleDefault;
				"INFOPLIST_KEY_UIStatusBarStyle[sdk=iphonesimulator*]" = UIStatusBarStyleDefault;
				INFOPLIST_KEY_UISupportedInterfaceOrientations_iPad = "UIInterfaceOrientationPortrait UIInterfaceOrientationPortraitUpsideDown UIInterfaceOrientationLandscapeLeft UIInterfaceOrientationLandscapeRight";
				INFOPLIST_KEY_UISupportedInterfaceOrientations_iPhone = "UIInterfaceOrientationPortrait UIInterfaceOrientationLandscapeLeft UIInterfaceOrientationLandscapeRight";
				IPHONEOS_DEPLOYMENT_TARGET = 16.4;
				LD_RUNPATH_SEARCH_PATHS = "@executable_path/Frameworks";
				"LD_RUNPATH_SEARCH_PATHS[sdk=macosx*]" = "@executable_path/../Frameworks";
				MACOSX_DEPLOYMENT_TARGET = 13.3;
				MARKETING_VERSION = 1.0;
				PRODUCT_BUNDLE_IDENTIFIER = com.MMMM.checker;
				PRODUCT_NAME = "$(TARGET_NAME)";
				SDKROOT = auto;
				SUPPORTED_PLATFORMS = "iphoneos iphonesimulator macosx";
				SWIFT_EMIT_LOC_STRINGS = YES;
				SWIFT_VERSION = 5.0;
				TARGETED_DEVICE_FAMILY = "1,2";
			};
			name = Debug;
		};
		129FB93C2A8218F300C3E053 /* Release */ = {
			isa = XCBuildConfiguration;
			buildSettings = {
				ASSETCATALOG_COMPILER_APPICON_NAME = AppIcon;
				ASSETCATALOG_COMPILER_GLOBAL_ACCENT_COLOR_NAME = AccentColor;
				CODE_SIGN_ENTITLEMENTS = checker/checker.entitlements;
				CODE_SIGN_STYLE = Automatic;
				CURRENT_PROJECT_VERSION = 1;
				DEVELOPMENT_ASSET_PATHS = "\"checker/Preview Content\"";
				DEVELOPMENT_TEAM = 3U5876YZ4F;
				ENABLE_HARDENED_RUNTIME = YES;
				ENABLE_PREVIEWS = YES;
				GENERATE_INFOPLIST_FILE = YES;
				"INFOPLIST_KEY_UIApplicationSceneManifest_Generation[sdk=iphoneos*]" = YES;
				"INFOPLIST_KEY_UIApplicationSceneManifest_Generation[sdk=iphonesimulator*]" = YES;
				"INFOPLIST_KEY_UIApplicationSupportsIndirectInputEvents[sdk=iphoneos*]" = YES;
				"INFOPLIST_KEY_UIApplicationSupportsIndirectInputEvents[sdk=iphonesimulator*]" = YES;
				"INFOPLIST_KEY_UILaunchScreen_Generation[sdk=iphoneos*]" = YES;
				"INFOPLIST_KEY_UILaunchScreen_Generation[sdk=iphonesimulator*]" = YES;
				"INFOPLIST_KEY_UIStatusBarStyle[sdk=iphoneos*]" = UIStatusBarStyleDefault;
				"INFOPLIST_KEY_UIStatusBarStyle[sdk=iphonesimulator*]" = UIStatusBarStyleDefault;
				INFOPLIST_KEY_UISupportedInterfaceOrientations_iPad = "UIInterfaceOrientationPortrait UIInterfaceOrientationPortraitUpsideDown UIInterfaceOrientationLandscapeLeft UIInterfaceOrientationLandscapeRight";
				INFOPLIST_KEY_UISupportedInterfaceOrientations_iPhone = "UIInterfaceOrientationPortrait UIInterfaceOrientationLandscapeLeft UIInterfaceOrientationLandscapeRight";
				IPHONEOS_DEPLOYMENT_TARGET = 16.4;
				LD_RUNPATH_SEARCH_PATHS = "@executable_path/Frameworks";
				"LD_RUNPATH_SEARCH_PATHS[sdk=macosx*]" = "@executable_path/../Frameworks";
				MACOSX_DEPLOYMENT_TARGET = 13.3;
				MARKETING_VERSION = 1.0;
				PRODUCT_BUNDLE_IDENTIFIER = com.MMMM.checker;
				PRODUCT_NAME = "$(TARGET_NAME)";
				SDKROOT = auto;
				SUPPORTED_PLATFORMS = "iphoneos iphonesimulator macosx";
				SWIFT_EMIT_LOC_STRINGS = YES;
				SWIFT_VERSION = 5.0;
				TARGETED_DEVICE_FAMILY = "1,2";
			};
			name = Release;
		};
		129FB93E2A8218F300C3E053 /* Debug */ = {
			isa = XCBuildConfiguration;
			buildSettings = {
				ALWAYS_EMBED_SWIFT_STANDARD_LIBRARIES = YES;
				BUNDLE_LOADER = "$(TEST_HOST)";
				CODE_SIGN_STYLE = Automatic;
				CURRENT_PROJECT_VERSION = 1;
				DEVELOPMENT_TEAM = 3U5876YZ4F;
				GENERATE_INFOPLIST_FILE = YES;
				IPHONEOS_DEPLOYMENT_TARGET = 16.4;
				MACOSX_DEPLOYMENT_TARGET = 13.3;
				MARKETING_VERSION = 1.0;
				PRODUCT_BUNDLE_IDENTIFIER = com.MMMM.checkerTests;
				PRODUCT_NAME = "$(TARGET_NAME)";
				SDKROOT = auto;
				SUPPORTED_PLATFORMS = "iphoneos iphonesimulator macosx";
				SWIFT_EMIT_LOC_STRINGS = NO;
				SWIFT_VERSION = 5.0;
				TARGETED_DEVICE_FAMILY = "1,2";
				TEST_HOST = "$(BUILT_PRODUCTS_DIR)/checker.app/$(BUNDLE_EXECUTABLE_FOLDER_PATH)/checker";
			};
			name = Debug;
		};
		129FB93F2A8218F300C3E053 /* Release */ = {
			isa = XCBuildConfiguration;
			buildSettings = {
				ALWAYS_EMBED_SWIFT_STANDARD_LIBRARIES = YES;
				BUNDLE_LOADER = "$(TEST_HOST)";
				CODE_SIGN_STYLE = Automatic;
				CURRENT_PROJECT_VERSION = 1;
				DEVELOPMENT_TEAM = 3U5876YZ4F;
				GENERATE_INFOPLIST_FILE = YES;
				IPHONEOS_DEPLOYMENT_TARGET = 16.4;
				MACOSX_DEPLOYMENT_TARGET = 13.3;
				MARKETING_VERSION = 1.0;
				PRODUCT_BUNDLE_IDENTIFIER = com.MMMM.checkerTests;
				PRODUCT_NAME = "$(TARGET_NAME)";
				SDKROOT = auto;
				SUPPORTED_PLATFORMS = "iphoneos iphonesimulator macosx";
				SWIFT_EMIT_LOC_STRINGS = NO;
				SWIFT_VERSION = 5.0;
				TARGETED_DEVICE_FAMILY = "1,2";
				TEST_HOST = "$(BUILT_PRODUCTS_DIR)/checker.app/$(BUNDLE_EXECUTABLE_FOLDER_PATH)/checker";
			};
			name = Release;
		};
		129FB9412A8218F300C3E053 /* Debug */ = {
			isa = XCBuildConfiguration;
			buildSettings = {
				ALWAYS_EMBED_SWIFT_STANDARD_LIBRARIES = YES;
				CODE_SIGN_STYLE = Automatic;
				CURRENT_PROJECT_VERSION = 1;
				DEVELOPMENT_TEAM = 3U5876YZ4F;
				GENERATE_INFOPLIST_FILE = YES;
				IPHONEOS_DEPLOYMENT_TARGET = 16.4;
				MACOSX_DEPLOYMENT_TARGET = 13.3;
				MARKETING_VERSION = 1.0;
				PRODUCT_BUNDLE_IDENTIFIER = com.MMMM.checkerUITests;
				PRODUCT_NAME = "$(TARGET_NAME)";
				SDKROOT = auto;
				SUPPORTED_PLATFORMS = "iphoneos iphonesimulator macosx";
				SWIFT_EMIT_LOC_STRINGS = NO;
				SWIFT_VERSION = 5.0;
				TARGETED_DEVICE_FAMILY = "1,2";
				TEST_TARGET_NAME = checker;
			};
			name = Debug;
		};
		129FB9422A8218F300C3E053 /* Release */ = {
			isa = XCBuildConfiguration;
			buildSettings = {
				ALWAYS_EMBED_SWIFT_STANDARD_LIBRARIES = YES;
				CODE_SIGN_STYLE = Automatic;
				CURRENT_PROJECT_VERSION = 1;
				DEVELOPMENT_TEAM = 3U5876YZ4F;
				GENERATE_INFOPLIST_FILE = YES;
				IPHONEOS_DEPLOYMENT_TARGET = 16.4;
				MACOSX_DEPLOYMENT_TARGET = 13.3;
				MARKETING_VERSION = 1.0;
				PRODUCT_BUNDLE_IDENTIFIER = com.MMMM.checkerUITests;
				PRODUCT_NAME = "$(TARGET_NAME)";
				SDKROOT = auto;
				SUPPORTED_PLATFORMS = "iphoneos iphonesimulator macosx";
				SWIFT_EMIT_LOC_STRINGS = NO;
				SWIFT_VERSION = 5.0;
				TARGETED_DEVICE_FAMILY = "1,2";
				TEST_TARGET_NAME = checker;
			};
			name = Release;
		};
/* End XCBuildConfiguration section */

/* Begin XCConfigurationList section */
		129FB90B2A8218F200C3E053 /* Build configuration list for PBXProject "checker" */ = {
			isa = XCConfigurationList;
			buildConfigurations = (
				129FB9382A8218F300C3E053 /* Debug */,
				129FB9392A8218F300C3E053 /* Release */,
			);
			defaultConfigurationIsVisible = 0;
			defaultConfigurationName = Release;
		};
		129FB93A2A8218F300C3E053 /* Build configuration list for PBXNativeTarget "checker" */ = {
			isa = XCConfigurationList;
			buildConfigurations = (
				129FB93B2A8218F300C3E053 /* Debug */,
				129FB93C2A8218F300C3E053 /* Release */,
			);
			defaultConfigurationIsVisible = 0;
			defaultConfigurationName = Release;
		};
		129FB93D2A8218F300C3E053 /* Build configuration list for PBXNativeTarget "checkerTests" */ = {
			isa = XCConfigurationList;
			buildConfigurations = (
				129FB93E2A8218F300C3E053 /* Debug */,
				129FB93F2A8218F300C3E053 /* Release */,
			);
			defaultConfigurationIsVisible = 0;
			defaultConfigurationName = Release;
		};
		129FB9402A8218F300C3E053 /* Build configuration list for PBXNativeTarget "checkerUITests" */ = {
			isa = XCConfigurationList;
			buildConfigurations = (
				129FB9412A8218F300C3E053 /* Debug */,
				129FB9422A8218F300C3E053 /* Release */,
			);
			defaultConfigurationIsVisible = 0;
			defaultConfigurationName = Release;
		};
/* End XCConfigurationList section */

/* Begin XCVersionGroup section */
		129FB9172A8218F200C3E053 /* checker.xcdatamodeld */ = {
			isa = XCVersionGroup;
			children = (
				129FB9182A8218F200C3E053 /* checker.xcdatamodel */,
			);
			currentVersion = 129FB9182A8218F200C3E053 /* checker.xcdatamodel */;
			path = checker.xcdatamodeld;
			sourceTree = "<group>";
			versionGroupType = wrapper.xcdatamodel;
		};
/* End XCVersionGroup section */
	};
	rootObject = 129FB9082A8218F200C3E053 /* Project object */;
}
